{
  "nodes": {
    "nixpkgs": {
      "locked": {
        "lastModified": 1622480250,
        "narHash": "sha256-uYUEKsTE9Dm2mml7icr0zgdgFDo9NbiiFjX/II7Ifik=",
        "owner": "NixOS",
        "repo": "nixpkgs",
        "rev": "4335222fd5119562f37028ad18df05cc94329222",
        "type": "github"
      },
      "original": {
        "id": "nixpkgs",
        "type": "indirect"
      }
    },
    "root": {
      "inputs": {
        "nixpkgs": "nixpkgs"
      }
    }
  },
  "root": "root",
  "version": 7
}
